
Microsoft Visual Studio Solution File, Format Version 12.00
# Visual Studio 15
VisualStudioVersion = 15.0.26730.12
MinimumVisualStudioVersion = 10.0.40219.1
Project("{9A19103F-16F7-4668-BE54-9A1E7A4F7556}") = "InvoiceServices.DTLManager", "InvoiceServices.DTLManager\InvoiceServices.DTLManager.csproj", "{B292D45C-B968-4ACC-9B74-73672CF7317A}"
EndProject
Project("{E53339B2-1760-4266-BCC7-CA923CBCF16C}") = "docker-compose", "docker-compose.dcproj", "{221910D4-F77C-4BB2-BAC7-BE53B17CAB3D}"
EndProject
Project("{9A19103F-16F7-4668-BE54-9A1E7A4F7556}") = "InvoiceServices.DTLManager.Core", "InvoiceServices.DTLManager.Core\InvoiceServices.DTLManager.Core.csproj", "{D17C72F1-DD54-4DF1-BADC-BCBB899019B3}"
EndProject
Project("{FAE04EC0-301F-11D3-BF4B-00C04F79EFBC}") = "InvoiceServices.DTLManager.DB", "InvoiceServices.DTLManager.DB\InvoiceServices.DTLManager.DB.csproj", "{0D29EC23-97E0-412A-9C26-5EE498878A26}"
EndProject
Global
	GlobalSection(SolutionConfigurationPlatforms) = preSolution
		Debug|Any CPU = Debug|Any CPU
		Debug|x64 = Debug|x64
		Release|Any CPU = Release|Any CPU
		Release|x64 = Release|x64
	EndGlobalSection
	GlobalSection(ProjectConfigurationPlatforms) = postSolution
		{B292D45C-B968-4ACC-9B74-73672CF7317A}.Debug|Any CPU.ActiveCfg = Debug|Any CPU
		{B292D45C-B968-4ACC-9B74-73672CF7317A}.Debug|Any CPU.Build.0 = Debug|Any CPU
		{B292D45C-B968-4ACC-9B74-73672CF7317A}.Debug|x64.ActiveCfg = Debug|x64
		{B292D45C-B968-4ACC-9B74-73672CF7317A}.Debug|x64.Build.0 = Debug|x64
		{B292D45C-B968-4ACC-9B74-73672CF7317A}.Release|Any CPU.ActiveCfg = Release|Any CPU
		{B292D45C-B968-4ACC-9B74-73672CF7317A}.Release|Any CPU.Build.0 = Release|Any CPU
		{B292D45C-B968-4ACC-9B74-73672CF7317A}.Release|x64.ActiveCfg = Release|x64
		{B292D45C-B968-4ACC-9B74-73672CF7317A}.Release|x64.Build.0 = Release|x64
		{221910D4-F77C-4BB2-BAC7-BE53B17CAB3D}.Debug|Any CPU.ActiveCfg = Debug|Any CPU
		{221910D4-F77C-4BB2-BAC7-BE53B17CAB3D}.Debug|Any CPU.Build.0 = Debug|Any CPU
		{221910D4-F77C-4BB2-BAC7-BE53B17CAB3D}.Debug|x64.ActiveCfg = Debug|x64
		{221910D4-F77C-4BB2-BAC7-BE53B17CAB3D}.Debug|x64.Build.0 = Debug|x64
		{221910D4-F77C-4BB2-BAC7-BE53B17CAB3D}.Release|Any CPU.ActiveCfg = Release|Any CPU
		{221910D4-F77C-4BB2-BAC7-BE53B17CAB3D}.Release|Any CPU.Build.0 = Release|Any CPU
		{221910D4-F77C-4BB2-BAC7-BE53B17CAB3D}.Release|x64.ActiveCfg = Release|x64
		{221910D4-F77C-4BB2-BAC7-BE53B17CAB3D}.Release|x64.Build.0 = Release|x64
		{D17C72F1-DD54-4DF1-BADC-BCBB899019B3}.Debug|Any CPU.ActiveCfg = Debug|Any CPU
		{D17C72F1-DD54-4DF1-BADC-BCBB899019B3}.Debug|Any CPU.Build.0 = Debug|Any CPU
		{D17C72F1-DD54-4DF1-BADC-BCBB899019B3}.Debug|x64.ActiveCfg = Debug|Any CPU
		{D17C72F1-DD54-4DF1-BADC-BCBB899019B3}.Debug|x64.Build.0 = Debug|Any CPU
		{D17C72F1-DD54-4DF1-BADC-BCBB899019B3}.Release|Any CPU.ActiveCfg = Release|Any CPU
		{D17C72F1-DD54-4DF1-BADC-BCBB899019B3}.Release|Any CPU.Build.0 = Release|Any CPU
		{D17C72F1-DD54-4DF1-BADC-BCBB899019B3}.Release|x64.ActiveCfg = Release|Any CPU
		{D17C72F1-DD54-4DF1-BADC-BCBB899019B3}.Release|x64.Build.0 = Release|Any CPU
		{0D29EC23-97E0-412A-9C26-5EE498878A26}.Debug|Any CPU.ActiveCfg = Debug|Any CPU
		{0D29EC23-97E0-412A-9C26-5EE498878A26}.Debug|Any CPU.Build.0 = Debug|Any CPU
		{0D29EC23-97E0-412A-9C26-5EE498878A26}.Debug|x64.ActiveCfg = Debug|Any CPU
		{0D29EC23-97E0-412A-9C26-5EE498878A26}.Debug|x64.Build.0 = Debug|Any CPU
		{0D29EC23-97E0-412A-9C26-5EE498878A26}.Release|Any CPU.ActiveCfg = Release|Any CPU
		{0D29EC23-97E0-412A-9C26-5EE498878A26}.Release|Any CPU.Build.0 = Release|Any CPU
		{0D29EC23-97E0-412A-9C26-5EE498878A26}.Release|x64.ActiveCfg = Release|Any CPU
		{0D29EC23-97E0-412A-9C26-5EE498878A26}.Release|x64.Build.0 = Release|Any CPU
	EndGlobalSection
	GlobalSection(SolutionProperties) = preSolution
		HideSolutionNode = FALSE
	EndGlobalSection
	GlobalSection(ExtensibilityGlobals) = postSolution
		SolutionGuid = {070B2737-0DF3-4EF1-A06D-4C5CCAACFDDD}
	EndGlobalSection
EndGlobal
